
Microsoft Visual Studio Solution File, Format Version 12.00
Project("{FAE04EC0-301F-11D3-BF4B-00C04F79EFBC}") = "Artisan.V.Server", "Server\Artisan.V.Server.csproj", "{B0665A23-1B0E-47F8-80CB-9E0266E6AB2B}"
EndProject
Project("{FAE04EC0-301F-11D3-BF4B-00C04F79EFBC}") = "Artisan.V.Client", "Client\Artisan.V.Client.csproj", "{CD495CCD-E5BB-427F-A0B2-4F9242256776}"
EndProject
Project("{FAE04EC0-301F-11D3-BF4B-00C04F79EFBC}") = "Artisan.V.Shared", "Shared\Artisan.V.Shared.csproj", "{24E6658D-2D01-47AB-9921-A352E113F0D7}"
EndProject
Global
	GlobalSection(SolutionConfigurationPlatforms) = preSolution
		Debug|Any CPU = Debug|Any CPU
		Release|Any CPU = Release|Any CPU
	EndGlobalSection
	GlobalSection(ProjectConfigurationPlatforms) = postSolution
		{B0665A23-1B0E-47F8-80CB-9E0266E6AB2B}.Debug|Any CPU.ActiveCfg = Debug|Any CPU
		{B0665A23-1B0E-47F8-80CB-9E0266E6AB2B}.Debug|Any CPU.Build.0 = Debug|Any CPU
		{B0665A23-1B0E-47F8-80CB-9E0266E6AB2B}.Release|Any CPU.ActiveCfg = Release|Any CPU
		{B0665A23-1B0E-47F8-80CB-9E0266E6AB2B}.Release|Any CPU.Build.0 = Release|Any CPU
		{CD495CCD-E5BB-427F-A0B2-4F9242256776}.Debug|Any CPU.ActiveCfg = Debug|Any CPU
		{CD495CCD-E5BB-427F-A0B2-4F9242256776}.Debug|Any CPU.Build.0 = Debug|Any CPU
		{CD495CCD-E5BB-427F-A0B2-4F9242256776}.Release|Any CPU.ActiveCfg = Release|Any CPU
		{CD495CCD-E5BB-427F-A0B2-4F9242256776}.Release|Any CPU.Build.0 = Release|Any CPU
		{24E6658D-2D01-47AB-9921-A352E113F0D7}.Debug|Any CPU.ActiveCfg = Debug|Any CPU
		{24E6658D-2D01-47AB-9921-A352E113F0D7}.Debug|Any CPU.Build.0 = Debug|Any CPU
		{24E6658D-2D01-47AB-9921-A352E113F0D7}.Release|Any CPU.ActiveCfg = Release|Any CPU
		{24E6658D-2D01-47AB-9921-A352E113F0D7}.Release|Any CPU.Build.0 = Release|Any CPU
	EndGlobalSection
EndGlobal
